{
    "name": "insomna-plugin-holibob-auth",
    "version": "1.0.5",
    "lockfileVersion": 1,
    "requires": true,
    "dependencies": {
        "crypto-js": {
            "version": "3.1.9-1",
            "resolved": "https://registry.npmjs.org/crypto-js/-/crypto-js-3.1.9-1.tgz",
            "integrity": "sha1-/aGedh/Ad+Af+/3G6f38WeiAbNg="
        },
        "js-base64": {
            "version": "2.5.1",
            "resolved": "https://registry.npmjs.org/js-base64/-/js-base64-2.5.1.tgz",
            "integrity": "sha512-M7kLczedRMYX4L8Mdh4MzyAMM9O5osx+4FcOQuTvr3A9F2D9S5JXheN0ewNbrvK2UatkTRhL5ejGmGSjNMiZuw=="
        }
    }
}
