{
  "name": "insomna-plugin-holibob-auth",
  "version": "1.0.4",
  "lockfileVersion": 1,
  "requires": true,
  "dependencies": {
    "crypto-js": {
      "version": "3.1.9-1",
      "resolved": "https://registry.npmjs.org/crypto-js/-/crypto-js-3.1.9-1.tgz",
      "integrity": "sha1-/aGedh/Ad+Af+/3G6f38WeiAbNg="
    },
    "js-base64": {
      "version": "2.6.3",
      "resolved": "https://registry.npmjs.org/js-base64/-/js-base64-2.6.3.tgz",
      "integrity": "sha512-fiUvdfCaAXoQTHdKMgTvg6IkecXDcVz6V5rlftUTclF9IKBjMizvSdQaCl/z/6TApDeby5NL+axYou3i0mu1Pg=="
    }
  }
}
