# THIS IS AN AUTOGENERATED FILE. DO NOT EDIT THIS FILE DIRECTLY.
# yarn lockfile v1


crypto-js@3.1.9-1:
  version "3.1.9-1"
  resolved "https://registry.yarnpkg.com/crypto-js/-/crypto-js-3.1.9-1.tgz#fda19e761fc077e01ffbfdc6e9fdfc59e8806cd8"
  integrity sha1-/aGedh/Ad+Af+/3G6f38WeiAbNg=

js-base64@^2.5.0:
  version "2.6.3"
  resolved "https://registry.yarnpkg.com/js-base64/-/js-base64-2.6.3.tgz#7afdb9b57aa7717e15d370b66e8f36a9cb835dc3"
  integrity sha512-fiUvdfCaAXoQTHdKMgTvg6IkecXDcVz6V5rlftUTclF9IKBjMizvSdQaCl/z/6TApDeby5NL+axYou3i0mu1Pg==
